
Microsoft Visual Studio Solution File, Format Version 12.00
# Visual Studio 2013
VisualStudioVersion = 12.0.21005.1
MinimumVisualStudioVersion = 10.0.40219.1
Project("{FAE04EC0-301F-11D3-BF4B-00C04F79EFBC}") = "02.A-nacci", "02.A-nacci\02.A-nacci.csproj", "{A43D70ED-1585-4DC7-8AC4-AEDF6099303D}"
EndProject
Project("{FAE04EC0-301F-11D3-BF4B-00C04F79EFBC}") = "01.MathExpression", "01.MathExpression\01.MathExpression.csproj", "{58CDEE3A-DD39-4A0C-B70A-C0A66D896E17}"
EndProject
Project("{FAE04EC0-301F-11D3-BF4B-00C04F79EFBC}") = "01.SevenlandNumbers", "01.SevenlandNumbers\01.SevenlandNumbers.csproj", "{418484CA-4654-4AA3-8301-6CAE9CEF8F4F}"
EndProject
Project("{FAE04EC0-301F-11D3-BF4B-00C04F79EFBC}") = "03.ExcelColumns", "03.ExcelColumns\03.ExcelColumns.csproj", "{37557FBE-7E29-4173-9F99-18B6688D2212}"
EndProject
Project("{FAE04EC0-301F-11D3-BF4B-00C04F79EFBC}") = "04.TelerikLogo", "04.TelerikLogo\04.TelerikLogo.csproj", "{02A355AE-45F0-46AF-BF47-F1ED305D4611}"
EndProject
Project("{FAE04EC0-301F-11D3-BF4B-00C04F79EFBC}") = "04.KaspichaniaBoats", "04.KaspichaniaBoats\04.KaspichaniaBoats.csproj", "{3F0BBA17-9BC7-4F1B-BA62-59688DA27E17}"
EndProject
Project("{FAE04EC0-301F-11D3-BF4B-00C04F79EFBC}") = "03.SandGlass", "03.SandGlass\03.SandGlass.csproj", "{90DE63A7-B498-40F9-9E81-A0BD31028F07}"
EndProject
Project("{FAE04EC0-301F-11D3-BF4B-00C04F79EFBC}") = "02.Tribonacci", "02.Tribonacci\02.Tribonacci.csproj", "{8224C347-C95E-4ECB-9D59-72BB2F962A92}"
EndProject
Project("{FAE04EC0-301F-11D3-BF4B-00C04F79EFBC}") = "01.CoordinateSystem", "01.CoordinateSystem\01.CoordinateSystem.csproj", "{493DA60E-1A9E-4C6F-A5A6-CD46774D31DA}"
EndProject
Project("{FAE04EC0-301F-11D3-BF4B-00C04F79EFBC}") = "04.BatGoikoTower", "04.BatGoikoTower\04.BatGoikoTower.csproj", "{9D3167F4-1B39-487C-9D75-670EEEBC9B2E}"
EndProject
Project("{FAE04EC0-301F-11D3-BF4B-00C04F79EFBC}") = "03.ForestRoad", "03.ForestRoad\03.ForestRoad.csproj", "{90C5D1BA-BD0A-456A-8793-BC730BE0F632}"
EndProject
Project("{FAE04EC0-301F-11D3-BF4B-00C04F79EFBC}") = "01.PeaceOfCake", "01.PeaceOfCake\01.PeaceOfCake.csproj", "{DE89429C-FB31-4792-A4C3-BDA9F5BB77A0}"
EndProject
Project("{FAE04EC0-301F-11D3-BF4B-00C04F79EFBC}") = "01.KaspichanNumbers for exam 2", "01.KaspichanNumbers\01.KaspichanNumbers for exam 2.csproj", "{E966556A-AD4B-49E5-AB68-E7B1B96DCA12}"
EndProject
Project("{FAE04EC0-301F-11D3-BF4B-00C04F79EFBC}") = "02.AngryFemaleGPS", "02.AngryFemaleGPS\02.AngryFemaleGPS.csproj", "{61648B52-5D0C-4516-9099-83C736035C38}"
EndProject
Project("{FAE04EC0-301F-11D3-BF4B-00C04F79EFBC}") = "04.Eggcelent", "04.Eggcelent\04.Eggcelent.csproj", "{3C21A5C5-FF4A-47DE-BA0C-9B866AADCDC7}"
EndProject
Project("{FAE04EC0-301F-11D3-BF4B-00C04F79EFBC}") = "03.OnesAndZeros", "03.OnesAndZeros\03.OnesAndZeros.csproj", "{A867EA52-3504-4B37-A7EB-8EEBC22D267A}"
EndProject
Project("{FAE04EC0-301F-11D3-BF4B-00C04F79EFBC}") = "04.Carpets", "04.Carpets\04.Carpets.csproj", "{DC15120D-DAF9-4C3A-9177-606C709BBF1E}"
EndProject
Project("{FAE04EC0-301F-11D3-BF4B-00C04F79EFBC}") = "02.MissCat", "02.MissCat\02.MissCat.csproj", "{6D4DCDE0-B508-4747-8FDD-4814BD0518C9}"
EndProject
Project("{FAE04EC0-301F-11D3-BF4B-00C04F79EFBC}") = "04.BinaryDigitsCount", "04.BinaryDigitsCount\04.BinaryDigitsCount.csproj", "{78B9641B-FD32-42D2-91FB-E019A29FF2B4}"
EndProject
Project("{FAE04EC0-301F-11D3-BF4B-00C04F79EFBC}") = "05.SubsetSums", "05.SubsetSums\05.SubsetSums.csproj", "{9C64AAF1-17C1-4773-9352-1E702C2C6818}"
EndProject
Project("{FAE04EC0-301F-11D3-BF4B-00C04F79EFBC}") = "02.LeastMajorityMultiple", "02.LeastMajorityMultiple\02.LeastMajorityMultiple.csproj", "{A3930E96-7F85-43EC-BE4D-515668997D0B}"
EndProject
Project("{FAE04EC0-301F-11D3-BF4B-00C04F79EFBC}") = "03.FirTree", "03.FirTree\03.FirTree.csproj", "{F00085AF-91AF-4506-8744-CF768F32F4BA}"
EndProject
Project("{FAE04EC0-301F-11D3-BF4B-00C04F79EFBC}") = "04.UKFlag", "04.UKFlag\04.UKFlag.csproj", "{B65C856F-9C69-4B90-AABB-15FFC690FFBD}"
EndProject
Project("{FAE04EC0-301F-11D3-BF4B-00C04F79EFBC}") = "04.UKFlag-Alex", "04.UKFlag-Alex\04.UKFlag-Alex.csproj", "{56D285CC-B746-412D-9C72-8A44055DAB5D}"
EndProject
Project("{FAE04EC0-301F-11D3-BF4B-00C04F79EFBC}") = "04.Fire", "04.Fire\04.Fire.csproj", "{9982B903-C71B-4B58-A057-A508BA703E9A}"
EndProject
Project("{FAE04EC0-301F-11D3-BF4B-00C04F79EFBC}") = "04.DancingBits", "04.DancingBits\04.DancingBits.csproj", "{D147C1E5-6D59-432A-90BF-408D430A2BB5}"
EndProject
Project("{FAE04EC0-301F-11D3-BF4B-00C04F79EFBC}") = "01.CoffeeVendingMachine", "01.CoffeeVendingMachine\01.CoffeeVendingMachine.csproj", "{0F5F2449-55F4-42CC-BEE2-9311169A04EC}"
EndProject
Project("{FAE04EC0-301F-11D3-BF4B-00C04F79EFBC}") = "01.Garden", "01.Garden\01.Garden.csproj", "{0544453A-B179-4677-BD71-5DE3474E153B}"
EndProject
Project("{FAE04EC0-301F-11D3-BF4B-00C04F79EFBC}") = "01.2-4-8", "01.2-4-8\01.2-4-8.csproj", "{BCEE00A6-12CA-41F0-90C0-9B2156FF213A}"
EndProject
Project("{FAE04EC0-301F-11D3-BF4B-00C04F79EFBC}") = "01.NextDate", "01.NextDate\01.NextDate.csproj", "{2FA8AD5B-506F-4F26-9965-4D379C59242E}"
EndProject
Project("{FAE04EC0-301F-11D3-BF4B-00C04F79EFBC}") = "01.ShipDamage", "01.ShipDamage\01.ShipDamage.csproj", "{05B1D7C9-6B50-4D22-971C-1A30161DAE4F}"
EndProject
Project("{FAE04EC0-301F-11D3-BF4B-00C04F79EFBC}") = "02.NightmareOnCodeStreet", "02.NightmareOnCodeStreet\02.NightmareOnCodeStreet.csproj", "{33FF6568-DA58-4552-8DDB-AD0926FA0CF9}"
EndProject
Project("{FAE04EC0-301F-11D3-BF4B-00C04F79EFBC}") = "02.DrunkenNumbers", "02.DrunkenNumbers\02.DrunkenNumbers.csproj", "{15D5139E-D506-42A3-B57E-CB5C651A4196}"
EndProject
Project("{FAE04EC0-301F-11D3-BF4B-00C04F79EFBC}") = "02.TribonacciTriangle", "02.TribonacciTriangle\02.TribonacciTriangle.csproj", "{6FF94D90-D71E-48BB-B337-15450C263E7E}"
EndProject
Project("{FAE04EC0-301F-11D3-BF4B-00C04F79EFBC}") = "01.TripleRotationOfDigits", "01.TripleRotationOfDigits\01.TripleRotationOfDigits.csproj", "{14E6E04F-C98C-49C2-98E5-4DBD73E87E5E}"
EndProject
Project("{FAE04EC0-301F-11D3-BF4B-00C04F79EFBC}") = "02.QuadronacciRectangle", "02.QuadronacciRectangle\02.QuadronacciRectangle.csproj", "{F0622DBF-E7B6-4F19-8A7F-64EE5300F203}"
EndProject
Global
	GlobalSection(SolutionConfigurationPlatforms) = preSolution
		Debug|Any CPU = Debug|Any CPU
		Release|Any CPU = Release|Any CPU
	EndGlobalSection
	GlobalSection(ProjectConfigurationPlatforms) = postSolution
		{A43D70ED-1585-4DC7-8AC4-AEDF6099303D}.Debug|Any CPU.ActiveCfg = Debug|Any CPU
		{A43D70ED-1585-4DC7-8AC4-AEDF6099303D}.Debug|Any CPU.Build.0 = Debug|Any CPU
		{A43D70ED-1585-4DC7-8AC4-AEDF6099303D}.Release|Any CPU.ActiveCfg = Release|Any CPU
		{A43D70ED-1585-4DC7-8AC4-AEDF6099303D}.Release|Any CPU.Build.0 = Release|Any CPU
		{58CDEE3A-DD39-4A0C-B70A-C0A66D896E17}.Debug|Any CPU.ActiveCfg = Debug|Any CPU
		{58CDEE3A-DD39-4A0C-B70A-C0A66D896E17}.Debug|Any CPU.Build.0 = Debug|Any CPU
		{58CDEE3A-DD39-4A0C-B70A-C0A66D896E17}.Release|Any CPU.ActiveCfg = Release|Any CPU
		{58CDEE3A-DD39-4A0C-B70A-C0A66D896E17}.Release|Any CPU.Build.0 = Release|Any CPU
		{418484CA-4654-4AA3-8301-6CAE9CEF8F4F}.Debug|Any CPU.ActiveCfg = Debug|Any CPU
		{418484CA-4654-4AA3-8301-6CAE9CEF8F4F}.Debug|Any CPU.Build.0 = Debug|Any CPU
		{418484CA-4654-4AA3-8301-6CAE9CEF8F4F}.Release|Any CPU.ActiveCfg = Release|Any CPU
		{418484CA-4654-4AA3-8301-6CAE9CEF8F4F}.Release|Any CPU.Build.0 = Release|Any CPU
		{37557FBE-7E29-4173-9F99-18B6688D2212}.Debug|Any CPU.ActiveCfg = Debug|Any CPU
		{37557FBE-7E29-4173-9F99-18B6688D2212}.Debug|Any CPU.Build.0 = Debug|Any CPU
		{37557FBE-7E29-4173-9F99-18B6688D2212}.Release|Any CPU.ActiveCfg = Release|Any CPU
		{37557FBE-7E29-4173-9F99-18B6688D2212}.Release|Any CPU.Build.0 = Release|Any CPU
		{02A355AE-45F0-46AF-BF47-F1ED305D4611}.Debug|Any CPU.ActiveCfg = Debug|Any CPU
		{02A355AE-45F0-46AF-BF47-F1ED305D4611}.Debug|Any CPU.Build.0 = Debug|Any CPU
		{02A355AE-45F0-46AF-BF47-F1ED305D4611}.Release|Any CPU.ActiveCfg = Release|Any CPU
		{02A355AE-45F0-46AF-BF47-F1ED305D4611}.Release|Any CPU.Build.0 = Release|Any CPU
		{3F0BBA17-9BC7-4F1B-BA62-59688DA27E17}.Debug|Any CPU.ActiveCfg = Debug|Any CPU
		{3F0BBA17-9BC7-4F1B-BA62-59688DA27E17}.Debug|Any CPU.Build.0 = Debug|Any CPU
		{3F0BBA17-9BC7-4F1B-BA62-59688DA27E17}.Release|Any CPU.ActiveCfg = Release|Any CPU
		{3F0BBA17-9BC7-4F1B-BA62-59688DA27E17}.Release|Any CPU.Build.0 = Release|Any CPU
		{90DE63A7-B498-40F9-9E81-A0BD31028F07}.Debug|Any CPU.ActiveCfg = Debug|Any CPU
		{90DE63A7-B498-40F9-9E81-A0BD31028F07}.Debug|Any CPU.Build.0 = Debug|Any CPU
		{90DE63A7-B498-40F9-9E81-A0BD31028F07}.Release|Any CPU.ActiveCfg = Release|Any CPU
		{90DE63A7-B498-40F9-9E81-A0BD31028F07}.Release|Any CPU.Build.0 = Release|Any CPU
		{8224C347-C95E-4ECB-9D59-72BB2F962A92}.Debug|Any CPU.ActiveCfg = Debug|Any CPU
		{8224C347-C95E-4ECB-9D59-72BB2F962A92}.Debug|Any CPU.Build.0 = Debug|Any CPU
		{8224C347-C95E-4ECB-9D59-72BB2F962A92}.Release|Any CPU.ActiveCfg = Release|Any CPU
		{8224C347-C95E-4ECB-9D59-72BB2F962A92}.Release|Any CPU.Build.0 = Release|Any CPU
		{493DA60E-1A9E-4C6F-A5A6-CD46774D31DA}.Debug|Any CPU.ActiveCfg = Debug|Any CPU
		{493DA60E-1A9E-4C6F-A5A6-CD46774D31DA}.Debug|Any CPU.Build.0 = Debug|Any CPU
		{493DA60E-1A9E-4C6F-A5A6-CD46774D31DA}.Release|Any CPU.ActiveCfg = Release|Any CPU
		{493DA60E-1A9E-4C6F-A5A6-CD46774D31DA}.Release|Any CPU.Build.0 = Release|Any CPU
		{9D3167F4-1B39-487C-9D75-670EEEBC9B2E}.Debug|Any CPU.ActiveCfg = Debug|Any CPU
		{9D3167F4-1B39-487C-9D75-670EEEBC9B2E}.Debug|Any CPU.Build.0 = Debug|Any CPU
		{9D3167F4-1B39-487C-9D75-670EEEBC9B2E}.Release|Any CPU.ActiveCfg = Release|Any CPU
		{9D3167F4-1B39-487C-9D75-670EEEBC9B2E}.Release|Any CPU.Build.0 = Release|Any CPU
		{90C5D1BA-BD0A-456A-8793-BC730BE0F632}.Debug|Any CPU.ActiveCfg = Debug|Any CPU
		{90C5D1BA-BD0A-456A-8793-BC730BE0F632}.Debug|Any CPU.Build.0 = Debug|Any CPU
		{90C5D1BA-BD0A-456A-8793-BC730BE0F632}.Release|Any CPU.ActiveCfg = Release|Any CPU
		{90C5D1BA-BD0A-456A-8793-BC730BE0F632}.Release|Any CPU.Build.0 = Release|Any CPU
		{DE89429C-FB31-4792-A4C3-BDA9F5BB77A0}.Debug|Any CPU.ActiveCfg = Debug|Any CPU
		{DE89429C-FB31-4792-A4C3-BDA9F5BB77A0}.Debug|Any CPU.Build.0 = Debug|Any CPU
		{DE89429C-FB31-4792-A4C3-BDA9F5BB77A0}.Release|Any CPU.ActiveCfg = Release|Any CPU
		{DE89429C-FB31-4792-A4C3-BDA9F5BB77A0}.Release|Any CPU.Build.0 = Release|Any CPU
		{E966556A-AD4B-49E5-AB68-E7B1B96DCA12}.Debug|Any CPU.ActiveCfg = Debug|Any CPU
		{E966556A-AD4B-49E5-AB68-E7B1B96DCA12}.Debug|Any CPU.Build.0 = Debug|Any CPU
		{E966556A-AD4B-49E5-AB68-E7B1B96DCA12}.Release|Any CPU.ActiveCfg = Release|Any CPU
		{E966556A-AD4B-49E5-AB68-E7B1B96DCA12}.Release|Any CPU.Build.0 = Release|Any CPU
		{61648B52-5D0C-4516-9099-83C736035C38}.Debug|Any CPU.ActiveCfg = Debug|Any CPU
		{61648B52-5D0C-4516-9099-83C736035C38}.Debug|Any CPU.Build.0 = Debug|Any CPU
		{61648B52-5D0C-4516-9099-83C736035C38}.Release|Any CPU.ActiveCfg = Release|Any CPU
		{61648B52-5D0C-4516-9099-83C736035C38}.Release|Any CPU.Build.0 = Release|Any CPU
		{3C21A5C5-FF4A-47DE-BA0C-9B866AADCDC7}.Debug|Any CPU.ActiveCfg = Debug|Any CPU
		{3C21A5C5-FF4A-47DE-BA0C-9B866AADCDC7}.Debug|Any CPU.Build.0 = Debug|Any CPU
		{3C21A5C5-FF4A-47DE-BA0C-9B866AADCDC7}.Release|Any CPU.ActiveCfg = Release|Any CPU
		{3C21A5C5-FF4A-47DE-BA0C-9B866AADCDC7}.Release|Any CPU.Build.0 = Release|Any CPU
		{A867EA52-3504-4B37-A7EB-8EEBC22D267A}.Debug|Any CPU.ActiveCfg = Debug|Any CPU
		{A867EA52-3504-4B37-A7EB-8EEBC22D267A}.Debug|Any CPU.Build.0 = Debug|Any CPU
		{A867EA52-3504-4B37-A7EB-8EEBC22D267A}.Release|Any CPU.ActiveCfg = Release|Any CPU
		{A867EA52-3504-4B37-A7EB-8EEBC22D267A}.Release|Any CPU.Build.0 = Release|Any CPU
		{DC15120D-DAF9-4C3A-9177-606C709BBF1E}.Debug|Any CPU.ActiveCfg = Debug|Any CPU
		{DC15120D-DAF9-4C3A-9177-606C709BBF1E}.Debug|Any CPU.Build.0 = Debug|Any CPU
		{DC15120D-DAF9-4C3A-9177-606C709BBF1E}.Release|Any CPU.ActiveCfg = Release|Any CPU
		{DC15120D-DAF9-4C3A-9177-606C709BBF1E}.Release|Any CPU.Build.0 = Release|Any CPU
		{6D4DCDE0-B508-4747-8FDD-4814BD0518C9}.Debug|Any CPU.ActiveCfg = Debug|Any CPU
		{6D4DCDE0-B508-4747-8FDD-4814BD0518C9}.Debug|Any CPU.Build.0 = Debug|Any CPU
		{6D4DCDE0-B508-4747-8FDD-4814BD0518C9}.Release|Any CPU.ActiveCfg = Release|Any CPU
		{6D4DCDE0-B508-4747-8FDD-4814BD0518C9}.Release|Any CPU.Build.0 = Release|Any CPU
		{78B9641B-FD32-42D2-91FB-E019A29FF2B4}.Debug|Any CPU.ActiveCfg = Debug|Any CPU
		{78B9641B-FD32-42D2-91FB-E019A29FF2B4}.Debug|Any CPU.Build.0 = Debug|Any CPU
		{78B9641B-FD32-42D2-91FB-E019A29FF2B4}.Release|Any CPU.ActiveCfg = Release|Any CPU
		{78B9641B-FD32-42D2-91FB-E019A29FF2B4}.Release|Any CPU.Build.0 = Release|Any CPU
		{9C64AAF1-17C1-4773-9352-1E702C2C6818}.Debug|Any CPU.ActiveCfg = Debug|Any CPU
		{9C64AAF1-17C1-4773-9352-1E702C2C6818}.Debug|Any CPU.Build.0 = Debug|Any CPU
		{9C64AAF1-17C1-4773-9352-1E702C2C6818}.Release|Any CPU.ActiveCfg = Release|Any CPU
		{9C64AAF1-17C1-4773-9352-1E702C2C6818}.Release|Any CPU.Build.0 = Release|Any CPU
		{A3930E96-7F85-43EC-BE4D-515668997D0B}.Debug|Any CPU.ActiveCfg = Debug|Any CPU
		{A3930E96-7F85-43EC-BE4D-515668997D0B}.Debug|Any CPU.Build.0 = Debug|Any CPU
		{A3930E96-7F85-43EC-BE4D-515668997D0B}.Release|Any CPU.ActiveCfg = Release|Any CPU
		{A3930E96-7F85-43EC-BE4D-515668997D0B}.Release|Any CPU.Build.0 = Release|Any CPU
		{F00085AF-91AF-4506-8744-CF768F32F4BA}.Debug|Any CPU.ActiveCfg = Debug|Any CPU
		{F00085AF-91AF-4506-8744-CF768F32F4BA}.Debug|Any CPU.Build.0 = Debug|Any CPU
		{F00085AF-91AF-4506-8744-CF768F32F4BA}.Release|Any CPU.ActiveCfg = Release|Any CPU
		{F00085AF-91AF-4506-8744-CF768F32F4BA}.Release|Any CPU.Build.0 = Release|Any CPU
		{B65C856F-9C69-4B90-AABB-15FFC690FFBD}.Debug|Any CPU.ActiveCfg = Debug|Any CPU
		{B65C856F-9C69-4B90-AABB-15FFC690FFBD}.Debug|Any CPU.Build.0 = Debug|Any CPU
		{B65C856F-9C69-4B90-AABB-15FFC690FFBD}.Release|Any CPU.ActiveCfg = Release|Any CPU
		{B65C856F-9C69-4B90-AABB-15FFC690FFBD}.Release|Any CPU.Build.0 = Release|Any CPU
		{56D285CC-B746-412D-9C72-8A44055DAB5D}.Debug|Any CPU.ActiveCfg = Debug|Any CPU
		{56D285CC-B746-412D-9C72-8A44055DAB5D}.Debug|Any CPU.Build.0 = Debug|Any CPU
		{56D285CC-B746-412D-9C72-8A44055DAB5D}.Release|Any CPU.ActiveCfg = Release|Any CPU
		{56D285CC-B746-412D-9C72-8A44055DAB5D}.Release|Any CPU.Build.0 = Release|Any CPU
		{9982B903-C71B-4B58-A057-A508BA703E9A}.Debug|Any CPU.ActiveCfg = Debug|Any CPU
		{9982B903-C71B-4B58-A057-A508BA703E9A}.Debug|Any CPU.Build.0 = Debug|Any CPU
		{9982B903-C71B-4B58-A057-A508BA703E9A}.Release|Any CPU.ActiveCfg = Release|Any CPU
		{9982B903-C71B-4B58-A057-A508BA703E9A}.Release|Any CPU.Build.0 = Release|Any CPU
		{D147C1E5-6D59-432A-90BF-408D430A2BB5}.Debug|Any CPU.ActiveCfg = Debug|Any CPU
		{D147C1E5-6D59-432A-90BF-408D430A2BB5}.Debug|Any CPU.Build.0 = Debug|Any CPU
		{D147C1E5-6D59-432A-90BF-408D430A2BB5}.Release|Any CPU.ActiveCfg = Release|Any CPU
		{D147C1E5-6D59-432A-90BF-408D430A2BB5}.Release|Any CPU.Build.0 = Release|Any CPU
		{0F5F2449-55F4-42CC-BEE2-9311169A04EC}.Debug|Any CPU.ActiveCfg = Debug|Any CPU
		{0F5F2449-55F4-42CC-BEE2-9311169A04EC}.Debug|Any CPU.Build.0 = Debug|Any CPU
		{0F5F2449-55F4-42CC-BEE2-9311169A04EC}.Release|Any CPU.ActiveCfg = Release|Any CPU
		{0F5F2449-55F4-42CC-BEE2-9311169A04EC}.Release|Any CPU.Build.0 = Release|Any CPU
		{0544453A-B179-4677-BD71-5DE3474E153B}.Debug|Any CPU.ActiveCfg = Debug|Any CPU
		{0544453A-B179-4677-BD71-5DE3474E153B}.Debug|Any CPU.Build.0 = Debug|Any CPU
		{0544453A-B179-4677-BD71-5DE3474E153B}.Release|Any CPU.ActiveCfg = Release|Any CPU
		{0544453A-B179-4677-BD71-5DE3474E153B}.Release|Any CPU.Build.0 = Release|Any CPU
		{BCEE00A6-12CA-41F0-90C0-9B2156FF213A}.Debug|Any CPU.ActiveCfg = Debug|Any CPU
		{BCEE00A6-12CA-41F0-90C0-9B2156FF213A}.Debug|Any CPU.Build.0 = Debug|Any CPU
		{BCEE00A6-12CA-41F0-90C0-9B2156FF213A}.Release|Any CPU.ActiveCfg = Release|Any CPU
		{BCEE00A6-12CA-41F0-90C0-9B2156FF213A}.Release|Any CPU.Build.0 = Release|Any CPU
		{2FA8AD5B-506F-4F26-9965-4D379C59242E}.Debug|Any CPU.ActiveCfg = Debug|Any CPU
		{2FA8AD5B-506F-4F26-9965-4D379C59242E}.Debug|Any CPU.Build.0 = Debug|Any CPU
		{2FA8AD5B-506F-4F26-9965-4D379C59242E}.Release|Any CPU.ActiveCfg = Release|Any CPU
		{2FA8AD5B-506F-4F26-9965-4D379C59242E}.Release|Any CPU.Build.0 = Release|Any CPU
		{05B1D7C9-6B50-4D22-971C-1A30161DAE4F}.Debug|Any CPU.ActiveCfg = Debug|Any CPU
		{05B1D7C9-6B50-4D22-971C-1A30161DAE4F}.Debug|Any CPU.Build.0 = Debug|Any CPU
		{05B1D7C9-6B50-4D22-971C-1A30161DAE4F}.Release|Any CPU.ActiveCfg = Release|Any CPU
		{05B1D7C9-6B50-4D22-971C-1A30161DAE4F}.Release|Any CPU.Build.0 = Release|Any CPU
		{33FF6568-DA58-4552-8DDB-AD0926FA0CF9}.Debug|Any CPU.ActiveCfg = Debug|Any CPU
		{33FF6568-DA58-4552-8DDB-AD0926FA0CF9}.Debug|Any CPU.Build.0 = Debug|Any CPU
		{33FF6568-DA58-4552-8DDB-AD0926FA0CF9}.Release|Any CPU.ActiveCfg = Release|Any CPU
		{33FF6568-DA58-4552-8DDB-AD0926FA0CF9}.Release|Any CPU.Build.0 = Release|Any CPU
		{15D5139E-D506-42A3-B57E-CB5C651A4196}.Debug|Any CPU.ActiveCfg = Debug|Any CPU
		{15D5139E-D506-42A3-B57E-CB5C651A4196}.Debug|Any CPU.Build.0 = Debug|Any CPU
		{15D5139E-D506-42A3-B57E-CB5C651A4196}.Release|Any CPU.ActiveCfg = Release|Any CPU
		{15D5139E-D506-42A3-B57E-CB5C651A4196}.Release|Any CPU.Build.0 = Release|Any CPU
		{6FF94D90-D71E-48BB-B337-15450C263E7E}.Debug|Any CPU.ActiveCfg = Debug|Any CPU
		{6FF94D90-D71E-48BB-B337-15450C263E7E}.Debug|Any CPU.Build.0 = Debug|Any CPU
		{6FF94D90-D71E-48BB-B337-15450C263E7E}.Release|Any CPU.ActiveCfg = Release|Any CPU
		{6FF94D90-D71E-48BB-B337-15450C263E7E}.Release|Any CPU.Build.0 = Release|Any CPU
		{14E6E04F-C98C-49C2-98E5-4DBD73E87E5E}.Debug|Any CPU.ActiveCfg = Debug|Any CPU
		{14E6E04F-C98C-49C2-98E5-4DBD73E87E5E}.Debug|Any CPU.Build.0 = Debug|Any CPU
		{14E6E04F-C98C-49C2-98E5-4DBD73E87E5E}.Release|Any CPU.ActiveCfg = Release|Any CPU
		{14E6E04F-C98C-49C2-98E5-4DBD73E87E5E}.Release|Any CPU.Build.0 = Release|Any CPU
		{F0622DBF-E7B6-4F19-8A7F-64EE5300F203}.Debug|Any CPU.ActiveCfg = Debug|Any CPU
		{F0622DBF-E7B6-4F19-8A7F-64EE5300F203}.Debug|Any CPU.Build.0 = Debug|Any CPU
		{F0622DBF-E7B6-4F19-8A7F-64EE5300F203}.Release|Any CPU.ActiveCfg = Release|Any CPU
		{F0622DBF-E7B6-4F19-8A7F-64EE5300F203}.Release|Any CPU.Build.0 = Release|Any CPU
	EndGlobalSection
	GlobalSection(SolutionProperties) = preSolution
		HideSolutionNode = FALSE
	EndGlobalSection
EndGlobal
