
Microsoft Visual Studio Solution File, Format Version 12.00
# Visual Studio 2013
VisualStudioVersion = 12.0.21005.1
MinimumVisualStudioVersion = 10.0.40219.1
Project("{FAE04EC0-301F-11D3-BF4B-00C04F79EFBC}") = "01.Cinema", "01.Cinema\01.Cinema.csproj", "{40792519-39AC-417D-9541-2A6C79E0C3FA}"
EndProject
Project("{FAE04EC0-301F-11D3-BF4B-00C04F79EFBC}") = "02.Illuminati", "02.Illuminati\02.Illuminati.csproj", "{8DC3EFDA-583E-4BC2-8032-BF7C4F4E2148}"
EndProject
Project("{FAE04EC0-301F-11D3-BF4B-00C04F79EFBC}") = "03.NewHouse", "03.NewHouse\03.NewHouse.csproj", "{ACC60EEB-CC48-42C2-95C1-4EC865E3E280}"
EndProject
Global
	GlobalSection(SolutionConfigurationPlatforms) = preSolution
		Debug|Any CPU = Debug|Any CPU
		Release|Any CPU = Release|Any CPU
	EndGlobalSection
	GlobalSection(ProjectConfigurationPlatforms) = postSolution
		{40792519-39AC-417D-9541-2A6C79E0C3FA}.Debug|Any CPU.ActiveCfg = Debug|Any CPU
		{40792519-39AC-417D-9541-2A6C79E0C3FA}.Debug|Any CPU.Build.0 = Debug|Any CPU
		{40792519-39AC-417D-9541-2A6C79E0C3FA}.Release|Any CPU.ActiveCfg = Release|Any CPU
		{40792519-39AC-417D-9541-2A6C79E0C3FA}.Release|Any CPU.Build.0 = Release|Any CPU
		{8DC3EFDA-583E-4BC2-8032-BF7C4F4E2148}.Debug|Any CPU.ActiveCfg = Debug|Any CPU
		{8DC3EFDA-583E-4BC2-8032-BF7C4F4E2148}.Debug|Any CPU.Build.0 = Debug|Any CPU
		{8DC3EFDA-583E-4BC2-8032-BF7C4F4E2148}.Release|Any CPU.ActiveCfg = Release|Any CPU
		{8DC3EFDA-583E-4BC2-8032-BF7C4F4E2148}.Release|Any CPU.Build.0 = Release|Any CPU
		{ACC60EEB-CC48-42C2-95C1-4EC865E3E280}.Debug|Any CPU.ActiveCfg = Debug|Any CPU
		{ACC60EEB-CC48-42C2-95C1-4EC865E3E280}.Debug|Any CPU.Build.0 = Debug|Any CPU
		{ACC60EEB-CC48-42C2-95C1-4EC865E3E280}.Release|Any CPU.ActiveCfg = Release|Any CPU
		{ACC60EEB-CC48-42C2-95C1-4EC865E3E280}.Release|Any CPU.Build.0 = Release|Any CPU
	EndGlobalSection
	GlobalSection(SolutionProperties) = preSolution
		HideSolutionNode = FALSE
	EndGlobalSection
EndGlobal
