
Microsoft Visual Studio Solution File, Format Version 12.00
# Visual Studio 2013
VisualStudioVersion = 12.0.31101.0
MinimumVisualStudioVersion = 10.0.40219.1
Project("{FAE04EC0-301F-11D3-BF4B-00C04F79EFBC}") = "StudentSystem.Entities", "StudentSystem.Entities\StudentSystem.Entities.csproj", "{A5B094B2-DE46-40C0-8B68-4A4D93947B87}"
EndProject
Project("{FAE04EC0-301F-11D3-BF4B-00C04F79EFBC}") = "StudentSystem.Data", "StudentSystem.Data\StudentSystem.Data.csproj", "{A2DD2864-973C-4EDB-9DBA-DC79B21EEDB1}"
EndProject
Project("{FAE04EC0-301F-11D3-BF4B-00C04F79EFBC}") = "StudentSystem.ConsoleClient", "StudentSystem.ConsoleClient\StudentSystem.ConsoleClient.csproj", "{4747306E-71F5-4B1B-9292-A5C994776B7D}"
EndProject
Global
	GlobalSection(SolutionConfigurationPlatforms) = preSolution
		Debug|Any CPU = Debug|Any CPU
		Release|Any CPU = Release|Any CPU
	EndGlobalSection
	GlobalSection(ProjectConfigurationPlatforms) = postSolution
		{A5B094B2-DE46-40C0-8B68-4A4D93947B87}.Debug|Any CPU.ActiveCfg = Debug|Any CPU
		{A5B094B2-DE46-40C0-8B68-4A4D93947B87}.Debug|Any CPU.Build.0 = Debug|Any CPU
		{A5B094B2-DE46-40C0-8B68-4A4D93947B87}.Release|Any CPU.ActiveCfg = Release|Any CPU
		{A5B094B2-DE46-40C0-8B68-4A4D93947B87}.Release|Any CPU.Build.0 = Release|Any CPU
		{A2DD2864-973C-4EDB-9DBA-DC79B21EEDB1}.Debug|Any CPU.ActiveCfg = Debug|Any CPU
		{A2DD2864-973C-4EDB-9DBA-DC79B21EEDB1}.Debug|Any CPU.Build.0 = Debug|Any CPU
		{A2DD2864-973C-4EDB-9DBA-DC79B21EEDB1}.Release|Any CPU.ActiveCfg = Release|Any CPU
		{A2DD2864-973C-4EDB-9DBA-DC79B21EEDB1}.Release|Any CPU.Build.0 = Release|Any CPU
		{4747306E-71F5-4B1B-9292-A5C994776B7D}.Debug|Any CPU.ActiveCfg = Debug|Any CPU
		{4747306E-71F5-4B1B-9292-A5C994776B7D}.Debug|Any CPU.Build.0 = Debug|Any CPU
		{4747306E-71F5-4B1B-9292-A5C994776B7D}.Release|Any CPU.ActiveCfg = Release|Any CPU
		{4747306E-71F5-4B1B-9292-A5C994776B7D}.Release|Any CPU.Build.0 = Release|Any CPU
	EndGlobalSection
	GlobalSection(SolutionProperties) = preSolution
		HideSolutionNode = FALSE
	EndGlobalSection
EndGlobal
