
Microsoft Visual Studio Solution File, Format Version 12.00
# Visual Studio 2013
VisualStudioVersion = 12.0.21005.1
MinimumVisualStudioVersion = 10.0.40219.1
Project("{FAE04EC0-301F-11D3-BF4B-00C04F79EFBC}") = "01.RefractorHTML", "01.RefractorHTML\01.RefractorHTML.csproj", "{95242F7E-F96A-4710-BB18-2520EC51D3D3}"
EndProject
Project("{FAE04EC0-301F-11D3-BF4B-00C04F79EFBC}") = "02.Kent'sMediaProfile", "02.Kent'sMediaProfile\02.Kent'sMediaProfile.csproj", "{2F0F7393-A326-4E2F-B25C-92ADB3790321}"
EndProject
Project("{FAE04EC0-301F-11D3-BF4B-00C04F79EFBC}") = "03.MagicCarGallery", "03.MagicCarGallery\03.MagicCarGallery.csproj", "{90707688-EFBB-4881-B2B4-C275789CC9CC}"
EndProject
Project("{FAE04EC0-301F-11D3-BF4B-00C04F79EFBC}") = "04.BGJUB-WebPage", "04.BGJUB-WebPage\04.BGJUB-WebPage.csproj", "{9FA86063-7562-49F3-A4E5-675617848791}"
EndProject
Project("{FAE04EC0-301F-11D3-BF4B-00C04F79EFBC}") = "05.JavaScriptWorship", "05.JavaScriptWorship\05.JavaScriptWorship.csproj", "{4E3EC3D0-D2BC-4B24-92D8-34B95467D691}"
EndProject
Global
	GlobalSection(SolutionConfigurationPlatforms) = preSolution
		Debug|Any CPU = Debug|Any CPU
		Release|Any CPU = Release|Any CPU
	EndGlobalSection
	GlobalSection(ProjectConfigurationPlatforms) = postSolution
		{95242F7E-F96A-4710-BB18-2520EC51D3D3}.Debug|Any CPU.ActiveCfg = Debug|Any CPU
		{95242F7E-F96A-4710-BB18-2520EC51D3D3}.Debug|Any CPU.Build.0 = Debug|Any CPU
		{95242F7E-F96A-4710-BB18-2520EC51D3D3}.Release|Any CPU.ActiveCfg = Release|Any CPU
		{95242F7E-F96A-4710-BB18-2520EC51D3D3}.Release|Any CPU.Build.0 = Release|Any CPU
		{2F0F7393-A326-4E2F-B25C-92ADB3790321}.Debug|Any CPU.ActiveCfg = Debug|Any CPU
		{2F0F7393-A326-4E2F-B25C-92ADB3790321}.Debug|Any CPU.Build.0 = Debug|Any CPU
		{2F0F7393-A326-4E2F-B25C-92ADB3790321}.Release|Any CPU.ActiveCfg = Release|Any CPU
		{2F0F7393-A326-4E2F-B25C-92ADB3790321}.Release|Any CPU.Build.0 = Release|Any CPU
		{90707688-EFBB-4881-B2B4-C275789CC9CC}.Debug|Any CPU.ActiveCfg = Debug|Any CPU
		{90707688-EFBB-4881-B2B4-C275789CC9CC}.Debug|Any CPU.Build.0 = Debug|Any CPU
		{90707688-EFBB-4881-B2B4-C275789CC9CC}.Release|Any CPU.ActiveCfg = Release|Any CPU
		{90707688-EFBB-4881-B2B4-C275789CC9CC}.Release|Any CPU.Build.0 = Release|Any CPU
		{9FA86063-7562-49F3-A4E5-675617848791}.Debug|Any CPU.ActiveCfg = Debug|Any CPU
		{9FA86063-7562-49F3-A4E5-675617848791}.Debug|Any CPU.Build.0 = Debug|Any CPU
		{9FA86063-7562-49F3-A4E5-675617848791}.Release|Any CPU.ActiveCfg = Release|Any CPU
		{9FA86063-7562-49F3-A4E5-675617848791}.Release|Any CPU.Build.0 = Release|Any CPU
		{4E3EC3D0-D2BC-4B24-92D8-34B95467D691}.Debug|Any CPU.ActiveCfg = Debug|Any CPU
		{4E3EC3D0-D2BC-4B24-92D8-34B95467D691}.Debug|Any CPU.Build.0 = Debug|Any CPU
		{4E3EC3D0-D2BC-4B24-92D8-34B95467D691}.Release|Any CPU.ActiveCfg = Release|Any CPU
		{4E3EC3D0-D2BC-4B24-92D8-34B95467D691}.Release|Any CPU.Build.0 = Release|Any CPU
	EndGlobalSection
	GlobalSection(SolutionProperties) = preSolution
		HideSolutionNode = FALSE
	EndGlobalSection
EndGlobal
