
Microsoft Visual Studio Solution File, Format Version 12.00
# Visual Studio 14
VisualStudioVersion = 14.0.23107.0
MinimumVisualStudioVersion = 10.0.40219.1
Project("{FAE04EC0-301F-11D3-BF4B-00C04F79EFBC}") = "ShortestDistanceBetweenVertices", "ShortestDistanceBetweenVertices\ShortestDistanceBetweenVertices.csproj", "{C14557D4-CD88-4F83-A957-E165EDE26B08}"
EndProject
Project("{FAE04EC0-301F-11D3-BF4B-00C04F79EFBC}") = "AreasInMatrix", "AreasInMatrix\AreasInMatrix.csproj", "{05C2DF8E-C90B-4D81-90B1-4606A6D8750B}"
EndProject
Project("{FAE04EC0-301F-11D3-BF4B-00C04F79EFBC}") = "CyclesInGraph", "CyclesInGraph\CyclesInGraph.csproj", "{61277B5B-3A05-4483-99A6-7D852DC335F2}"
EndProject
Project("{FAE04EC0-301F-11D3-BF4B-00C04F79EFBC}") = "Salaries", "Salaries\Salaries.csproj", "{7F389F4A-8975-464A-BA16-A06F660ECE36}"
EndProject
Project("{FAE04EC0-301F-11D3-BF4B-00C04F79EFBC}") = "BreakCycles", "BreakCycles\BreakCycles.csproj", "{65B2712E-788B-42D2-9402-0E1348C67B0A}"
EndProject
Global
	GlobalSection(SolutionConfigurationPlatforms) = preSolution
		Debug|Any CPU = Debug|Any CPU
		Release|Any CPU = Release|Any CPU
	EndGlobalSection
	GlobalSection(ProjectConfigurationPlatforms) = postSolution
		{C14557D4-CD88-4F83-A957-E165EDE26B08}.Debug|Any CPU.ActiveCfg = Debug|Any CPU
		{C14557D4-CD88-4F83-A957-E165EDE26B08}.Debug|Any CPU.Build.0 = Debug|Any CPU
		{C14557D4-CD88-4F83-A957-E165EDE26B08}.Release|Any CPU.ActiveCfg = Release|Any CPU
		{C14557D4-CD88-4F83-A957-E165EDE26B08}.Release|Any CPU.Build.0 = Release|Any CPU
		{05C2DF8E-C90B-4D81-90B1-4606A6D8750B}.Debug|Any CPU.ActiveCfg = Debug|Any CPU
		{05C2DF8E-C90B-4D81-90B1-4606A6D8750B}.Debug|Any CPU.Build.0 = Debug|Any CPU
		{05C2DF8E-C90B-4D81-90B1-4606A6D8750B}.Release|Any CPU.ActiveCfg = Release|Any CPU
		{05C2DF8E-C90B-4D81-90B1-4606A6D8750B}.Release|Any CPU.Build.0 = Release|Any CPU
		{61277B5B-3A05-4483-99A6-7D852DC335F2}.Debug|Any CPU.ActiveCfg = Debug|Any CPU
		{61277B5B-3A05-4483-99A6-7D852DC335F2}.Debug|Any CPU.Build.0 = Debug|Any CPU
		{61277B5B-3A05-4483-99A6-7D852DC335F2}.Release|Any CPU.ActiveCfg = Release|Any CPU
		{61277B5B-3A05-4483-99A6-7D852DC335F2}.Release|Any CPU.Build.0 = Release|Any CPU
		{7F389F4A-8975-464A-BA16-A06F660ECE36}.Debug|Any CPU.ActiveCfg = Debug|Any CPU
		{7F389F4A-8975-464A-BA16-A06F660ECE36}.Debug|Any CPU.Build.0 = Debug|Any CPU
		{7F389F4A-8975-464A-BA16-A06F660ECE36}.Release|Any CPU.ActiveCfg = Release|Any CPU
		{7F389F4A-8975-464A-BA16-A06F660ECE36}.Release|Any CPU.Build.0 = Release|Any CPU
		{65B2712E-788B-42D2-9402-0E1348C67B0A}.Debug|Any CPU.ActiveCfg = Debug|Any CPU
		{65B2712E-788B-42D2-9402-0E1348C67B0A}.Debug|Any CPU.Build.0 = Debug|Any CPU
		{65B2712E-788B-42D2-9402-0E1348C67B0A}.Release|Any CPU.ActiveCfg = Release|Any CPU
		{65B2712E-788B-42D2-9402-0E1348C67B0A}.Release|Any CPU.Build.0 = Release|Any CPU
	EndGlobalSection
	GlobalSection(SolutionProperties) = preSolution
		HideSolutionNode = FALSE
	EndGlobalSection
EndGlobal
