
Microsoft Visual Studio Solution File, Format Version 12.00
# Visual Studio 14
VisualStudioVersion = 14.0.23107.0
MinimumVisualStudioVersion = 10.0.40219.1
Project("{FAE04EC0-301F-11D3-BF4B-00C04F79EFBC}") = "PermutationsWithoutRepetition", "PermutationsWithoutRepetition\PermutationsWithoutRepetition.csproj", "{0E6323E3-F17A-4718-BA4D-4C156EE192E5}"
EndProject
Project("{FAE04EC0-301F-11D3-BF4B-00C04F79EFBC}") = "PermutationsWithoutRepetitionIteratively", "PermutationsWithoutRepetitionIteratively\PermutationsWithoutRepetitionIteratively.csproj", "{64218B82-2C73-48C6-9C08-20CD63DDCC07}"
EndProject
Project("{FAE04EC0-301F-11D3-BF4B-00C04F79EFBC}") = "CombinationsWithoutRepetitionIteratively", "CombinationsWithoutRepetitionIteratively\CombinationsWithoutRepetitionIteratively.csproj", "{9EFC58CD-1943-4721-AF6E-A1B18C9B3B8C}"
EndProject
Project("{FAE04EC0-301F-11D3-BF4B-00C04F79EFBC}") = "SubsetsOfStringArray", "SubsetsOfStringArray\SubsetsOfStringArray.csproj", "{E5690040-39CF-4AEE-AE63-3EC019922214}"
EndProject
Project("{FAE04EC0-301F-11D3-BF4B-00C04F79EFBC}") = "PermutationsWithRepetition", "PermutationsWithRepetition\PermutationsWithRepetition.csproj", "{B873C900-D261-4017-A4D5-F102F600F28D}"
EndProject
Global
	GlobalSection(SolutionConfigurationPlatforms) = preSolution
		Debug|Any CPU = Debug|Any CPU
		Release|Any CPU = Release|Any CPU
	EndGlobalSection
	GlobalSection(ProjectConfigurationPlatforms) = postSolution
		{0E6323E3-F17A-4718-BA4D-4C156EE192E5}.Debug|Any CPU.ActiveCfg = Debug|Any CPU
		{0E6323E3-F17A-4718-BA4D-4C156EE192E5}.Debug|Any CPU.Build.0 = Debug|Any CPU
		{0E6323E3-F17A-4718-BA4D-4C156EE192E5}.Release|Any CPU.ActiveCfg = Release|Any CPU
		{0E6323E3-F17A-4718-BA4D-4C156EE192E5}.Release|Any CPU.Build.0 = Release|Any CPU
		{64218B82-2C73-48C6-9C08-20CD63DDCC07}.Debug|Any CPU.ActiveCfg = Debug|Any CPU
		{64218B82-2C73-48C6-9C08-20CD63DDCC07}.Debug|Any CPU.Build.0 = Debug|Any CPU
		{64218B82-2C73-48C6-9C08-20CD63DDCC07}.Release|Any CPU.ActiveCfg = Release|Any CPU
		{64218B82-2C73-48C6-9C08-20CD63DDCC07}.Release|Any CPU.Build.0 = Release|Any CPU
		{9EFC58CD-1943-4721-AF6E-A1B18C9B3B8C}.Debug|Any CPU.ActiveCfg = Debug|Any CPU
		{9EFC58CD-1943-4721-AF6E-A1B18C9B3B8C}.Debug|Any CPU.Build.0 = Debug|Any CPU
		{9EFC58CD-1943-4721-AF6E-A1B18C9B3B8C}.Release|Any CPU.ActiveCfg = Release|Any CPU
		{9EFC58CD-1943-4721-AF6E-A1B18C9B3B8C}.Release|Any CPU.Build.0 = Release|Any CPU
		{E5690040-39CF-4AEE-AE63-3EC019922214}.Debug|Any CPU.ActiveCfg = Debug|Any CPU
		{E5690040-39CF-4AEE-AE63-3EC019922214}.Debug|Any CPU.Build.0 = Debug|Any CPU
		{E5690040-39CF-4AEE-AE63-3EC019922214}.Release|Any CPU.ActiveCfg = Release|Any CPU
		{E5690040-39CF-4AEE-AE63-3EC019922214}.Release|Any CPU.Build.0 = Release|Any CPU
		{B873C900-D261-4017-A4D5-F102F600F28D}.Debug|Any CPU.ActiveCfg = Debug|Any CPU
		{B873C900-D261-4017-A4D5-F102F600F28D}.Debug|Any CPU.Build.0 = Debug|Any CPU
		{B873C900-D261-4017-A4D5-F102F600F28D}.Release|Any CPU.ActiveCfg = Release|Any CPU
		{B873C900-D261-4017-A4D5-F102F600F28D}.Release|Any CPU.Build.0 = Release|Any CPU
	EndGlobalSection
	GlobalSection(SolutionProperties) = preSolution
		HideSolutionNode = FALSE
	EndGlobalSection
EndGlobal
