
Microsoft Visual Studio Solution File, Format Version 12.00
# Visual Studio 14
VisualStudioVersion = 14.0.23107.0
MinimumVisualStudioVersion = 10.0.40219.1
Project("{FAE04EC0-301F-11D3-BF4B-00C04F79EFBC}") = "ExtendACableNetwork", "ExtendACableNetwork\ExtendACableNetwork.csproj", "{BAE5F7F6-353E-49F1-BE7C-726841C548CD}"
EndProject
Project("{FAE04EC0-301F-11D3-BF4B-00C04F79EFBC}") = "ModifiedKruskalAlgorithm", "ModifiedKruskalAlgorithm\ModifiedKruskalAlgorithm.csproj", "{7ABE46C5-18D9-43D0-B6B2-812C34EE1C55}"
EndProject
Project("{FAE04EC0-301F-11D3-BF4B-00C04F79EFBC}") = "MostReliablePath", "MostReliablePath\MostReliablePath.csproj", "{ADA17E28-6B61-4D6E-BE5D-ED94E8F688E4}"
EndProject
Project("{FAE04EC0-301F-11D3-BF4B-00C04F79EFBC}") = "ShortestPathsBetweenAllPairsOfNodes", "ShortestPathsBetweenAllPairsOfNodes\ShortestPathsBetweenAllPairsOfNodes.csproj", "{D95C4114-D301-43FB-9FE3-D373887FFEAA}"
EndProject
Project("{FAE04EC0-301F-11D3-BF4B-00C04F79EFBC}") = "ShortestPathsWithNegativeEdges", "ShortestPathsWithNegativeEdges\ShortestPathsWithNegativeEdges.csproj", "{2BC15B7C-3BAC-48BF-A634-949DE30B5ED9}"
EndProject
Global
	GlobalSection(SolutionConfigurationPlatforms) = preSolution
		Debug|Any CPU = Debug|Any CPU
		Release|Any CPU = Release|Any CPU
	EndGlobalSection
	GlobalSection(ProjectConfigurationPlatforms) = postSolution
		{BAE5F7F6-353E-49F1-BE7C-726841C548CD}.Debug|Any CPU.ActiveCfg = Debug|Any CPU
		{BAE5F7F6-353E-49F1-BE7C-726841C548CD}.Debug|Any CPU.Build.0 = Debug|Any CPU
		{BAE5F7F6-353E-49F1-BE7C-726841C548CD}.Release|Any CPU.ActiveCfg = Release|Any CPU
		{BAE5F7F6-353E-49F1-BE7C-726841C548CD}.Release|Any CPU.Build.0 = Release|Any CPU
		{7ABE46C5-18D9-43D0-B6B2-812C34EE1C55}.Debug|Any CPU.ActiveCfg = Debug|Any CPU
		{7ABE46C5-18D9-43D0-B6B2-812C34EE1C55}.Debug|Any CPU.Build.0 = Debug|Any CPU
		{7ABE46C5-18D9-43D0-B6B2-812C34EE1C55}.Release|Any CPU.ActiveCfg = Release|Any CPU
		{7ABE46C5-18D9-43D0-B6B2-812C34EE1C55}.Release|Any CPU.Build.0 = Release|Any CPU
		{ADA17E28-6B61-4D6E-BE5D-ED94E8F688E4}.Debug|Any CPU.ActiveCfg = Debug|Any CPU
		{ADA17E28-6B61-4D6E-BE5D-ED94E8F688E4}.Debug|Any CPU.Build.0 = Debug|Any CPU
		{ADA17E28-6B61-4D6E-BE5D-ED94E8F688E4}.Release|Any CPU.ActiveCfg = Release|Any CPU
		{ADA17E28-6B61-4D6E-BE5D-ED94E8F688E4}.Release|Any CPU.Build.0 = Release|Any CPU
		{D95C4114-D301-43FB-9FE3-D373887FFEAA}.Debug|Any CPU.ActiveCfg = Debug|Any CPU
		{D95C4114-D301-43FB-9FE3-D373887FFEAA}.Debug|Any CPU.Build.0 = Debug|Any CPU
		{D95C4114-D301-43FB-9FE3-D373887FFEAA}.Release|Any CPU.ActiveCfg = Release|Any CPU
		{D95C4114-D301-43FB-9FE3-D373887FFEAA}.Release|Any CPU.Build.0 = Release|Any CPU
		{2BC15B7C-3BAC-48BF-A634-949DE30B5ED9}.Debug|Any CPU.ActiveCfg = Debug|Any CPU
		{2BC15B7C-3BAC-48BF-A634-949DE30B5ED9}.Debug|Any CPU.Build.0 = Debug|Any CPU
		{2BC15B7C-3BAC-48BF-A634-949DE30B5ED9}.Release|Any CPU.ActiveCfg = Release|Any CPU
		{2BC15B7C-3BAC-48BF-A634-949DE30B5ED9}.Release|Any CPU.Build.0 = Release|Any CPU
	EndGlobalSection
	GlobalSection(SolutionProperties) = preSolution
		HideSolutionNode = FALSE
	EndGlobalSection
EndGlobal
