
Microsoft Visual Studio Solution File, Format Version 12.00
# Visual Studio 2013
VisualStudioVersion = 12.0.30501.0
MinimumVisualStudioVersion = 10.0.40219.1
Project("{9092AA53-FB77-4645-B42D-1CCCA6BD08BD}") = "Library", "Library\Library.njsproj", "{2DA4C0DE-E7CD-4B93-A7D7-F17028040D41}"
EndProject
Global
	GlobalSection(SolutionConfigurationPlatforms) = preSolution
		Debug|Any CPU = Debug|Any CPU
		Release|Any CPU = Release|Any CPU
	EndGlobalSection
	GlobalSection(ProjectConfigurationPlatforms) = postSolution
		{2DA4C0DE-E7CD-4B93-A7D7-F17028040D41}.Debug|Any CPU.ActiveCfg = Debug|Any CPU
		{2DA4C0DE-E7CD-4B93-A7D7-F17028040D41}.Debug|Any CPU.Build.0 = Debug|Any CPU
		{2DA4C0DE-E7CD-4B93-A7D7-F17028040D41}.Release|Any CPU.ActiveCfg = Release|Any CPU
		{2DA4C0DE-E7CD-4B93-A7D7-F17028040D41}.Release|Any CPU.Build.0 = Release|Any CPU
	EndGlobalSection
	GlobalSection(SolutionProperties) = preSolution
		HideSolutionNode = FALSE
	EndGlobalSection
EndGlobal
