
Microsoft Visual Studio Solution File, Format Version 12.00
# Visual Studio 2013
VisualStudioVersion = 12.0.31101.0
MinimumVisualStudioVersion = 10.0.40219.1
Project("{FAE04EC0-301F-11D3-BF4B-00C04F79EFBC}") = "Geography.Entities", "Geography.Entities\Geography.Entities.csproj", "{9CBB6F1F-857F-45C7-A3E2-B47CAF5C3961}"
EndProject
Project("{FAE04EC0-301F-11D3-BF4B-00C04F79EFBC}") = "1.ListContinents", "ListContinents\1.ListContinents.csproj", "{19577FBC-FC78-4135-B8DF-C208BF25DE2B}"
EndProject
Project("{FAE04EC0-301F-11D3-BF4B-00C04F79EFBC}") = "2.ExportTheRiversAsJSON", "ExportTheRiversAsJSON\2.ExportTheRiversAsJSON.csproj", "{B299792F-BA94-4101-8012-C0298A8F640D}"
EndProject
Project("{FAE04EC0-301F-11D3-BF4B-00C04F79EFBC}") = "3.ExportMonasteriesAsXml", "ExportMonasteriesAsXml\3.ExportMonasteriesAsXml.csproj", "{2E4A374E-29A3-48BE-916E-ECE3C4FC831B}"
EndProject
Project("{FAE04EC0-301F-11D3-BF4B-00C04F79EFBC}") = "4.ImportRiversFromXML", "ImportRiversFromXML\4.ImportRiversFromXML.csproj", "{1D825F85-128C-4524-B017-78E326221E0F}"
EndProject
Project("{FAE04EC0-301F-11D3-BF4B-00C04F79EFBC}") = "5.RiversByCountryQuery", "RiversByCountryQuery\5.RiversByCountryQuery.csproj", "{CE618A27-97A4-48FE-84AB-EB4FCC10B3D8}"
EndProject
Project("{FAE04EC0-301F-11D3-BF4B-00C04F79EFBC}") = "6.MountainsCodeFirst", "MountainsCodeFirst\6.MountainsCodeFirst.csproj", "{0DF5EE8E-99C7-4E27-ADC0-28AAB059FD68}"
EndProject
Project("{FAE04EC0-301F-11D3-BF4B-00C04F79EFBC}") = "7.ImportMountainsPeaksAndCountriesFromJSON", "ImportMountainsPeaksAndCountriesFromJSON\7.ImportMountainsPeaksAndCountriesFromJSON.csproj", "{D53AF0DD-6E1B-4478-8B4C-61840E3C2AE4}"
EndProject
Global
	GlobalSection(SolutionConfigurationPlatforms) = preSolution
		Debug|Any CPU = Debug|Any CPU
		Release|Any CPU = Release|Any CPU
	EndGlobalSection
	GlobalSection(ProjectConfigurationPlatforms) = postSolution
		{9CBB6F1F-857F-45C7-A3E2-B47CAF5C3961}.Debug|Any CPU.ActiveCfg = Debug|Any CPU
		{9CBB6F1F-857F-45C7-A3E2-B47CAF5C3961}.Debug|Any CPU.Build.0 = Debug|Any CPU
		{9CBB6F1F-857F-45C7-A3E2-B47CAF5C3961}.Release|Any CPU.ActiveCfg = Release|Any CPU
		{9CBB6F1F-857F-45C7-A3E2-B47CAF5C3961}.Release|Any CPU.Build.0 = Release|Any CPU
		{19577FBC-FC78-4135-B8DF-C208BF25DE2B}.Debug|Any CPU.ActiveCfg = Debug|Any CPU
		{19577FBC-FC78-4135-B8DF-C208BF25DE2B}.Debug|Any CPU.Build.0 = Debug|Any CPU
		{19577FBC-FC78-4135-B8DF-C208BF25DE2B}.Release|Any CPU.ActiveCfg = Release|Any CPU
		{19577FBC-FC78-4135-B8DF-C208BF25DE2B}.Release|Any CPU.Build.0 = Release|Any CPU
		{B299792F-BA94-4101-8012-C0298A8F640D}.Debug|Any CPU.ActiveCfg = Debug|Any CPU
		{B299792F-BA94-4101-8012-C0298A8F640D}.Debug|Any CPU.Build.0 = Debug|Any CPU
		{B299792F-BA94-4101-8012-C0298A8F640D}.Release|Any CPU.ActiveCfg = Release|Any CPU
		{B299792F-BA94-4101-8012-C0298A8F640D}.Release|Any CPU.Build.0 = Release|Any CPU
		{2E4A374E-29A3-48BE-916E-ECE3C4FC831B}.Debug|Any CPU.ActiveCfg = Debug|Any CPU
		{2E4A374E-29A3-48BE-916E-ECE3C4FC831B}.Debug|Any CPU.Build.0 = Debug|Any CPU
		{2E4A374E-29A3-48BE-916E-ECE3C4FC831B}.Release|Any CPU.ActiveCfg = Release|Any CPU
		{2E4A374E-29A3-48BE-916E-ECE3C4FC831B}.Release|Any CPU.Build.0 = Release|Any CPU
		{1D825F85-128C-4524-B017-78E326221E0F}.Debug|Any CPU.ActiveCfg = Debug|Any CPU
		{1D825F85-128C-4524-B017-78E326221E0F}.Debug|Any CPU.Build.0 = Debug|Any CPU
		{1D825F85-128C-4524-B017-78E326221E0F}.Release|Any CPU.ActiveCfg = Release|Any CPU
		{1D825F85-128C-4524-B017-78E326221E0F}.Release|Any CPU.Build.0 = Release|Any CPU
		{CE618A27-97A4-48FE-84AB-EB4FCC10B3D8}.Debug|Any CPU.ActiveCfg = Debug|Any CPU
		{CE618A27-97A4-48FE-84AB-EB4FCC10B3D8}.Debug|Any CPU.Build.0 = Debug|Any CPU
		{CE618A27-97A4-48FE-84AB-EB4FCC10B3D8}.Release|Any CPU.ActiveCfg = Release|Any CPU
		{CE618A27-97A4-48FE-84AB-EB4FCC10B3D8}.Release|Any CPU.Build.0 = Release|Any CPU
		{0DF5EE8E-99C7-4E27-ADC0-28AAB059FD68}.Debug|Any CPU.ActiveCfg = Debug|Any CPU
		{0DF5EE8E-99C7-4E27-ADC0-28AAB059FD68}.Debug|Any CPU.Build.0 = Debug|Any CPU
		{0DF5EE8E-99C7-4E27-ADC0-28AAB059FD68}.Release|Any CPU.ActiveCfg = Release|Any CPU
		{0DF5EE8E-99C7-4E27-ADC0-28AAB059FD68}.Release|Any CPU.Build.0 = Release|Any CPU
		{D53AF0DD-6E1B-4478-8B4C-61840E3C2AE4}.Debug|Any CPU.ActiveCfg = Debug|Any CPU
		{D53AF0DD-6E1B-4478-8B4C-61840E3C2AE4}.Debug|Any CPU.Build.0 = Debug|Any CPU
		{D53AF0DD-6E1B-4478-8B4C-61840E3C2AE4}.Release|Any CPU.ActiveCfg = Release|Any CPU
		{D53AF0DD-6E1B-4478-8B4C-61840E3C2AE4}.Release|Any CPU.Build.0 = Release|Any CPU
	EndGlobalSection
	GlobalSection(SolutionProperties) = preSolution
		HideSolutionNode = FALSE
	EndGlobalSection
EndGlobal
