
Microsoft Visual Studio Solution File, Format Version 12.00
# Visual Studio 2013
VisualStudioVersion = 12.0.21005.1
MinimumVisualStudioVersion = 10.0.40219.1
Project("{FAE04EC0-301F-11D3-BF4B-00C04F79EFBC}") = "01.CoordinateSystem", "01.CoordinateSystem\01.CoordinateSystem.csproj", "{392CCBE3-EBDE-4778-BBDA-623EB61EB8DA}"
EndProject
Project("{FAE04EC0-301F-11D3-BF4B-00C04F79EFBC}") = "02.Tribonacci", "02.Tribonacci\02.Tribonacci.csproj", "{71DFC589-CA5F-4A07-8290-08121EC591C9}"
EndProject
Project("{FAE04EC0-301F-11D3-BF4B-00C04F79EFBC}") = "03.SandGlass", "03.SandGlass\03.SandGlass.csproj", "{1B3E1C48-0EF8-403D-AA08-C09BE22C477A}"
EndProject
Project("{FAE04EC0-301F-11D3-BF4B-00C04F79EFBC}") = "04.BullsAndCows", "04.BullsAndCows\04.BullsAndCows.csproj", "{F1CC8C39-A570-4D0B-939D-D58D1A82D78B}"
EndProject
Project("{FAE04EC0-301F-11D3-BF4B-00C04F79EFBC}") = "05.WeAllLoveBits", "05.WeAllLoveBits\05.WeAllLoveBits.csproj", "{F653EC25-70AB-46C1-8C3F-39B695F46F17}"
EndProject
Project("{FAE04EC0-301F-11D3-BF4B-00C04F79EFBC}") = "05.WeAllLoveBits2", "05.WeAllLoveBits2\05.WeAllLoveBits2.csproj", "{F441A683-DB10-4BF4-B9F6-46E708FCE1FF}"
EndProject
Global
	GlobalSection(SolutionConfigurationPlatforms) = preSolution
		Debug|Any CPU = Debug|Any CPU
		Release|Any CPU = Release|Any CPU
	EndGlobalSection
	GlobalSection(ProjectConfigurationPlatforms) = postSolution
		{392CCBE3-EBDE-4778-BBDA-623EB61EB8DA}.Debug|Any CPU.ActiveCfg = Debug|Any CPU
		{392CCBE3-EBDE-4778-BBDA-623EB61EB8DA}.Debug|Any CPU.Build.0 = Debug|Any CPU
		{392CCBE3-EBDE-4778-BBDA-623EB61EB8DA}.Release|Any CPU.ActiveCfg = Release|Any CPU
		{392CCBE3-EBDE-4778-BBDA-623EB61EB8DA}.Release|Any CPU.Build.0 = Release|Any CPU
		{71DFC589-CA5F-4A07-8290-08121EC591C9}.Debug|Any CPU.ActiveCfg = Debug|Any CPU
		{71DFC589-CA5F-4A07-8290-08121EC591C9}.Debug|Any CPU.Build.0 = Debug|Any CPU
		{71DFC589-CA5F-4A07-8290-08121EC591C9}.Release|Any CPU.ActiveCfg = Release|Any CPU
		{71DFC589-CA5F-4A07-8290-08121EC591C9}.Release|Any CPU.Build.0 = Release|Any CPU
		{1B3E1C48-0EF8-403D-AA08-C09BE22C477A}.Debug|Any CPU.ActiveCfg = Debug|Any CPU
		{1B3E1C48-0EF8-403D-AA08-C09BE22C477A}.Debug|Any CPU.Build.0 = Debug|Any CPU
		{1B3E1C48-0EF8-403D-AA08-C09BE22C477A}.Release|Any CPU.ActiveCfg = Release|Any CPU
		{1B3E1C48-0EF8-403D-AA08-C09BE22C477A}.Release|Any CPU.Build.0 = Release|Any CPU
		{F1CC8C39-A570-4D0B-939D-D58D1A82D78B}.Debug|Any CPU.ActiveCfg = Debug|Any CPU
		{F1CC8C39-A570-4D0B-939D-D58D1A82D78B}.Debug|Any CPU.Build.0 = Debug|Any CPU
		{F1CC8C39-A570-4D0B-939D-D58D1A82D78B}.Release|Any CPU.ActiveCfg = Release|Any CPU
		{F1CC8C39-A570-4D0B-939D-D58D1A82D78B}.Release|Any CPU.Build.0 = Release|Any CPU
		{F653EC25-70AB-46C1-8C3F-39B695F46F17}.Debug|Any CPU.ActiveCfg = Debug|Any CPU
		{F653EC25-70AB-46C1-8C3F-39B695F46F17}.Debug|Any CPU.Build.0 = Debug|Any CPU
		{F653EC25-70AB-46C1-8C3F-39B695F46F17}.Release|Any CPU.ActiveCfg = Release|Any CPU
		{F653EC25-70AB-46C1-8C3F-39B695F46F17}.Release|Any CPU.Build.0 = Release|Any CPU
		{F441A683-DB10-4BF4-B9F6-46E708FCE1FF}.Debug|Any CPU.ActiveCfg = Debug|Any CPU
		{F441A683-DB10-4BF4-B9F6-46E708FCE1FF}.Debug|Any CPU.Build.0 = Debug|Any CPU
		{F441A683-DB10-4BF4-B9F6-46E708FCE1FF}.Release|Any CPU.ActiveCfg = Release|Any CPU
		{F441A683-DB10-4BF4-B9F6-46E708FCE1FF}.Release|Any CPU.Build.0 = Release|Any CPU
	EndGlobalSection
	GlobalSection(SolutionProperties) = preSolution
		HideSolutionNode = FALSE
	EndGlobalSection
EndGlobal
