
Microsoft Visual Studio Solution File, Format Version 12.00
# Visual Studio 2013
VisualStudioVersion = 12.0.21005.1
MinimumVisualStudioVersion = 10.0.40219.1
Project("{FAE04EC0-301F-11D3-BF4B-00C04F79EFBC}") = "01.UnresponsiveHomework", "01.UnresponsiveHomework\01.UnresponsiveHomework.csproj", "{DB980626-00A6-47B2-921D-EBBD0174285E}"
EndProject
Project("{FAE04EC0-301F-11D3-BF4B-00C04F79EFBC}") = "02.FlowersHome", "02.FlowersHome\02.FlowersHome.csproj", "{5D81DD1D-DDBD-453E-B051-9FDDA6EA6370}"
EndProject
Project("{FAE04EC0-301F-11D3-BF4B-00C04F79EFBC}") = "03.BootstrapBootCamp", "03.BootstrapBootCamp\03.BootstrapBootCamp.csproj", "{E4DB018C-5E3A-4341-A031-25DFE4C1E2B3}"
EndProject
Global
	GlobalSection(SolutionConfigurationPlatforms) = preSolution
		Debug|Any CPU = Debug|Any CPU
		Release|Any CPU = Release|Any CPU
	EndGlobalSection
	GlobalSection(ProjectConfigurationPlatforms) = postSolution
		{DB980626-00A6-47B2-921D-EBBD0174285E}.Debug|Any CPU.ActiveCfg = Debug|Any CPU
		{DB980626-00A6-47B2-921D-EBBD0174285E}.Debug|Any CPU.Build.0 = Debug|Any CPU
		{DB980626-00A6-47B2-921D-EBBD0174285E}.Release|Any CPU.ActiveCfg = Release|Any CPU
		{DB980626-00A6-47B2-921D-EBBD0174285E}.Release|Any CPU.Build.0 = Release|Any CPU
		{5D81DD1D-DDBD-453E-B051-9FDDA6EA6370}.Debug|Any CPU.ActiveCfg = Debug|Any CPU
		{5D81DD1D-DDBD-453E-B051-9FDDA6EA6370}.Debug|Any CPU.Build.0 = Debug|Any CPU
		{5D81DD1D-DDBD-453E-B051-9FDDA6EA6370}.Release|Any CPU.ActiveCfg = Release|Any CPU
		{5D81DD1D-DDBD-453E-B051-9FDDA6EA6370}.Release|Any CPU.Build.0 = Release|Any CPU
		{E4DB018C-5E3A-4341-A031-25DFE4C1E2B3}.Debug|Any CPU.ActiveCfg = Debug|Any CPU
		{E4DB018C-5E3A-4341-A031-25DFE4C1E2B3}.Debug|Any CPU.Build.0 = Debug|Any CPU
		{E4DB018C-5E3A-4341-A031-25DFE4C1E2B3}.Release|Any CPU.ActiveCfg = Release|Any CPU
		{E4DB018C-5E3A-4341-A031-25DFE4C1E2B3}.Release|Any CPU.Build.0 = Release|Any CPU
	EndGlobalSection
	GlobalSection(SolutionProperties) = preSolution
		HideSolutionNode = FALSE
	EndGlobalSection
EndGlobal
