
Microsoft Visual Studio Solution File, Format Version 12.00
# Visual Studio 2013
VisualStudioVersion = 12.0.21005.1
MinimumVisualStudioVersion = 10.0.40219.1
Project("{FAE04EC0-301F-11D3-BF4B-00C04F79EFBC}") = "01.SimpleForm", "01.SimpleForm\01.SimpleForm.csproj", "{CD3F6822-95D3-43F2-B7F7-23EBE6C637B7}"
EndProject
Project("{FAE04EC0-301F-11D3-BF4B-00C04F79EFBC}") = "02.FlightOrder", "02.FlightOrder\02.FlightOrder.csproj", "{F271A19F-E309-4863-B58A-1895051686B9}"
EndProject
Project("{FAE04EC0-301F-11D3-BF4B-00C04F79EFBC}") = "03.WordPressTheme", "03.WordPressTheme\03.WordPressTheme.csproj", "{002B73FA-1699-4204-B528-E9BD753557F0}"
EndProject
Project("{FAE04EC0-301F-11D3-BF4B-00C04F79EFBC}") = "04.Fakebook", "04.Fakebook\04.Fakebook.csproj", "{C78FED71-9EAA-4FFC-BD01-D36BA7FA96B6}"
EndProject
Project("{FAE04EC0-301F-11D3-BF4B-00C04F79EFBC}") = "05.LaptopChoice", "05.LaptopChoice\05.LaptopChoice.csproj", "{483D6804-BC99-46A9-9230-F4E9C8C593B6}"
EndProject
Global
	GlobalSection(SolutionConfigurationPlatforms) = preSolution
		Debug|Any CPU = Debug|Any CPU
		Release|Any CPU = Release|Any CPU
	EndGlobalSection
	GlobalSection(ProjectConfigurationPlatforms) = postSolution
		{CD3F6822-95D3-43F2-B7F7-23EBE6C637B7}.Debug|Any CPU.ActiveCfg = Debug|Any CPU
		{CD3F6822-95D3-43F2-B7F7-23EBE6C637B7}.Debug|Any CPU.Build.0 = Debug|Any CPU
		{CD3F6822-95D3-43F2-B7F7-23EBE6C637B7}.Release|Any CPU.ActiveCfg = Release|Any CPU
		{CD3F6822-95D3-43F2-B7F7-23EBE6C637B7}.Release|Any CPU.Build.0 = Release|Any CPU
		{F271A19F-E309-4863-B58A-1895051686B9}.Debug|Any CPU.ActiveCfg = Debug|Any CPU
		{F271A19F-E309-4863-B58A-1895051686B9}.Debug|Any CPU.Build.0 = Debug|Any CPU
		{F271A19F-E309-4863-B58A-1895051686B9}.Release|Any CPU.ActiveCfg = Release|Any CPU
		{F271A19F-E309-4863-B58A-1895051686B9}.Release|Any CPU.Build.0 = Release|Any CPU
		{002B73FA-1699-4204-B528-E9BD753557F0}.Debug|Any CPU.ActiveCfg = Debug|Any CPU
		{002B73FA-1699-4204-B528-E9BD753557F0}.Debug|Any CPU.Build.0 = Debug|Any CPU
		{002B73FA-1699-4204-B528-E9BD753557F0}.Release|Any CPU.ActiveCfg = Release|Any CPU
		{002B73FA-1699-4204-B528-E9BD753557F0}.Release|Any CPU.Build.0 = Release|Any CPU
		{C78FED71-9EAA-4FFC-BD01-D36BA7FA96B6}.Debug|Any CPU.ActiveCfg = Debug|Any CPU
		{C78FED71-9EAA-4FFC-BD01-D36BA7FA96B6}.Debug|Any CPU.Build.0 = Debug|Any CPU
		{C78FED71-9EAA-4FFC-BD01-D36BA7FA96B6}.Release|Any CPU.ActiveCfg = Release|Any CPU
		{C78FED71-9EAA-4FFC-BD01-D36BA7FA96B6}.Release|Any CPU.Build.0 = Release|Any CPU
		{483D6804-BC99-46A9-9230-F4E9C8C593B6}.Debug|Any CPU.ActiveCfg = Debug|Any CPU
		{483D6804-BC99-46A9-9230-F4E9C8C593B6}.Debug|Any CPU.Build.0 = Debug|Any CPU
		{483D6804-BC99-46A9-9230-F4E9C8C593B6}.Release|Any CPU.ActiveCfg = Release|Any CPU
		{483D6804-BC99-46A9-9230-F4E9C8C593B6}.Release|Any CPU.Build.0 = Release|Any CPU
	EndGlobalSection
	GlobalSection(SolutionProperties) = preSolution
		HideSolutionNode = FALSE
	EndGlobalSection
EndGlobal
