
Microsoft Visual Studio Solution File, Format Version 12.00
# Visual Studio 14
VisualStudioVersion = 14.0.23107.0
MinimumVisualStudioVersion = 10.0.40219.1
Project("{FAE04EC0-301F-11D3-BF4B-00C04F79EFBC}") = "VariationsWithRepetition", "VariationsWithRepetition\VariationsWithRepetition.csproj", "{73150B35-74FF-4BA9-9974-E82C9551DE7F}"
EndProject
Project("{FAE04EC0-301F-11D3-BF4B-00C04F79EFBC}") = "VariationsWithoutRepetition", "VariationsWithoutRepetition\VariationsWithoutRepetition.csproj", "{CBAC266F-E465-4D81-AB0F-B994066455EC}"
EndProject
Project("{FAE04EC0-301F-11D3-BF4B-00C04F79EFBC}") = "CombinationsWithRepetition", "CombinationsWithRepetition\CombinationsWithRepetition.csproj", "{F72D4C60-F48D-46E7-B09F-D864ABD86AA5}"
EndProject
Project("{FAE04EC0-301F-11D3-BF4B-00C04F79EFBC}") = "CombinationsWithoutRepetition", "CombinationsWithoutRepetition\CombinationsWithoutRepetition.csproj", "{2A1E9AAF-1AEB-4789-B7ED-3E975D10D5DA}"
EndProject
Global
	GlobalSection(SolutionConfigurationPlatforms) = preSolution
		Debug|Any CPU = Debug|Any CPU
		Release|Any CPU = Release|Any CPU
	EndGlobalSection
	GlobalSection(ProjectConfigurationPlatforms) = postSolution
		{73150B35-74FF-4BA9-9974-E82C9551DE7F}.Debug|Any CPU.ActiveCfg = Debug|Any CPU
		{73150B35-74FF-4BA9-9974-E82C9551DE7F}.Debug|Any CPU.Build.0 = Debug|Any CPU
		{73150B35-74FF-4BA9-9974-E82C9551DE7F}.Release|Any CPU.ActiveCfg = Release|Any CPU
		{73150B35-74FF-4BA9-9974-E82C9551DE7F}.Release|Any CPU.Build.0 = Release|Any CPU
		{CBAC266F-E465-4D81-AB0F-B994066455EC}.Debug|Any CPU.ActiveCfg = Debug|Any CPU
		{CBAC266F-E465-4D81-AB0F-B994066455EC}.Debug|Any CPU.Build.0 = Debug|Any CPU
		{CBAC266F-E465-4D81-AB0F-B994066455EC}.Release|Any CPU.ActiveCfg = Release|Any CPU
		{CBAC266F-E465-4D81-AB0F-B994066455EC}.Release|Any CPU.Build.0 = Release|Any CPU
		{F72D4C60-F48D-46E7-B09F-D864ABD86AA5}.Debug|Any CPU.ActiveCfg = Debug|Any CPU
		{F72D4C60-F48D-46E7-B09F-D864ABD86AA5}.Debug|Any CPU.Build.0 = Debug|Any CPU
		{F72D4C60-F48D-46E7-B09F-D864ABD86AA5}.Release|Any CPU.ActiveCfg = Release|Any CPU
		{F72D4C60-F48D-46E7-B09F-D864ABD86AA5}.Release|Any CPU.Build.0 = Release|Any CPU
		{2A1E9AAF-1AEB-4789-B7ED-3E975D10D5DA}.Debug|Any CPU.ActiveCfg = Debug|Any CPU
		{2A1E9AAF-1AEB-4789-B7ED-3E975D10D5DA}.Debug|Any CPU.Build.0 = Debug|Any CPU
		{2A1E9AAF-1AEB-4789-B7ED-3E975D10D5DA}.Release|Any CPU.ActiveCfg = Release|Any CPU
		{2A1E9AAF-1AEB-4789-B7ED-3E975D10D5DA}.Release|Any CPU.Build.0 = Release|Any CPU
	EndGlobalSection
	GlobalSection(SolutionProperties) = preSolution
		HideSolutionNode = FALSE
	EndGlobalSection
EndGlobal
