
Microsoft Visual Studio Solution File, Format Version 12.00
# Visual Studio 2013
VisualStudioVersion = 12.0.31101.0
MinimumVisualStudioVersion = 10.0.40219.1
Project("{FAE04EC0-301F-11D3-BF4B-00C04F79EFBC}") = "SumAndAverage", "SumAndAverage\SumAndAverage.csproj", "{3B4BDA4E-5F40-4C4E-B6ED-354CD67173C7}"
EndProject
Project("{FAE04EC0-301F-11D3-BF4B-00C04F79EFBC}") = "SortWords", "SortWords\SortWords.csproj", "{4C586BF7-4E4C-4164-91F5-E0E29F0D770E}"
EndProject
Project("{FAE04EC0-301F-11D3-BF4B-00C04F79EFBC}") = "LongestSubsequence", "LongestSubsequence\LongestSubsequence.csproj", "{E06AB7AC-78E1-4E60-B372-2C6673B657EF}"
EndProject
Project("{FAE04EC0-301F-11D3-BF4B-00C04F79EFBC}") = "RemoveOddOccurences", "RemoveOddOccurences\RemoveOddOccurences.csproj", "{0AF5E973-927C-4430-967E-6EC149A52138}"
EndProject
Project("{FAE04EC0-301F-11D3-BF4B-00C04F79EFBC}") = "CountOfOccurences", "CountOfOccurences\CountOfOccurences.csproj", "{FBFCA4B4-6CCC-4C91-8C16-E51866FE7C2F}"
EndProject
Project("{FAE04EC0-301F-11D3-BF4B-00C04F79EFBC}") = "ImplementTheDataStructureReversedList", "ImplementTheDataStructureReversedList\ImplementTheDataStructureReversedList.csproj", "{00D82E3D-7121-4DC7-8649-E4F9DFA142EB}"
EndProject
Project("{FAE04EC0-301F-11D3-BF4B-00C04F79EFBC}") = "ReversedList.Tests", "ReversedList.Tests\ReversedList.Tests.csproj", "{AF9DE2A7-AD89-42AD-A89E-45D8529AA874}"
EndProject
Project("{FAE04EC0-301F-11D3-BF4B-00C04F79EFBC}") = "ImplementALinkedList", "ImplementALinkedList\ImplementALinkedList.csproj", "{EF43833A-ED9A-40E4-A64C-F0DFD020ED88}"
EndProject
Project("{FAE04EC0-301F-11D3-BF4B-00C04F79EFBC}") = "LinkedList.Tests", "LinkedList.Tests\LinkedList.Tests.csproj", "{E862E922-5D5D-45CA-8A95-A4ABF82616E9}"
EndProject
Global
	GlobalSection(SolutionConfigurationPlatforms) = preSolution
		Debug|Any CPU = Debug|Any CPU
		Release|Any CPU = Release|Any CPU
	EndGlobalSection
	GlobalSection(ProjectConfigurationPlatforms) = postSolution
		{3B4BDA4E-5F40-4C4E-B6ED-354CD67173C7}.Debug|Any CPU.ActiveCfg = Debug|Any CPU
		{3B4BDA4E-5F40-4C4E-B6ED-354CD67173C7}.Debug|Any CPU.Build.0 = Debug|Any CPU
		{3B4BDA4E-5F40-4C4E-B6ED-354CD67173C7}.Release|Any CPU.ActiveCfg = Release|Any CPU
		{3B4BDA4E-5F40-4C4E-B6ED-354CD67173C7}.Release|Any CPU.Build.0 = Release|Any CPU
		{4C586BF7-4E4C-4164-91F5-E0E29F0D770E}.Debug|Any CPU.ActiveCfg = Debug|Any CPU
		{4C586BF7-4E4C-4164-91F5-E0E29F0D770E}.Debug|Any CPU.Build.0 = Debug|Any CPU
		{4C586BF7-4E4C-4164-91F5-E0E29F0D770E}.Release|Any CPU.ActiveCfg = Release|Any CPU
		{4C586BF7-4E4C-4164-91F5-E0E29F0D770E}.Release|Any CPU.Build.0 = Release|Any CPU
		{E06AB7AC-78E1-4E60-B372-2C6673B657EF}.Debug|Any CPU.ActiveCfg = Debug|Any CPU
		{E06AB7AC-78E1-4E60-B372-2C6673B657EF}.Debug|Any CPU.Build.0 = Debug|Any CPU
		{E06AB7AC-78E1-4E60-B372-2C6673B657EF}.Release|Any CPU.ActiveCfg = Release|Any CPU
		{E06AB7AC-78E1-4E60-B372-2C6673B657EF}.Release|Any CPU.Build.0 = Release|Any CPU
		{0AF5E973-927C-4430-967E-6EC149A52138}.Debug|Any CPU.ActiveCfg = Debug|Any CPU
		{0AF5E973-927C-4430-967E-6EC149A52138}.Debug|Any CPU.Build.0 = Debug|Any CPU
		{0AF5E973-927C-4430-967E-6EC149A52138}.Release|Any CPU.ActiveCfg = Release|Any CPU
		{0AF5E973-927C-4430-967E-6EC149A52138}.Release|Any CPU.Build.0 = Release|Any CPU
		{FBFCA4B4-6CCC-4C91-8C16-E51866FE7C2F}.Debug|Any CPU.ActiveCfg = Debug|Any CPU
		{FBFCA4B4-6CCC-4C91-8C16-E51866FE7C2F}.Debug|Any CPU.Build.0 = Debug|Any CPU
		{FBFCA4B4-6CCC-4C91-8C16-E51866FE7C2F}.Release|Any CPU.ActiveCfg = Release|Any CPU
		{FBFCA4B4-6CCC-4C91-8C16-E51866FE7C2F}.Release|Any CPU.Build.0 = Release|Any CPU
		{00D82E3D-7121-4DC7-8649-E4F9DFA142EB}.Debug|Any CPU.ActiveCfg = Debug|Any CPU
		{00D82E3D-7121-4DC7-8649-E4F9DFA142EB}.Debug|Any CPU.Build.0 = Debug|Any CPU
		{00D82E3D-7121-4DC7-8649-E4F9DFA142EB}.Release|Any CPU.ActiveCfg = Release|Any CPU
		{00D82E3D-7121-4DC7-8649-E4F9DFA142EB}.Release|Any CPU.Build.0 = Release|Any CPU
		{AF9DE2A7-AD89-42AD-A89E-45D8529AA874}.Debug|Any CPU.ActiveCfg = Debug|Any CPU
		{AF9DE2A7-AD89-42AD-A89E-45D8529AA874}.Debug|Any CPU.Build.0 = Debug|Any CPU
		{AF9DE2A7-AD89-42AD-A89E-45D8529AA874}.Release|Any CPU.ActiveCfg = Release|Any CPU
		{AF9DE2A7-AD89-42AD-A89E-45D8529AA874}.Release|Any CPU.Build.0 = Release|Any CPU
		{EF43833A-ED9A-40E4-A64C-F0DFD020ED88}.Debug|Any CPU.ActiveCfg = Debug|Any CPU
		{EF43833A-ED9A-40E4-A64C-F0DFD020ED88}.Debug|Any CPU.Build.0 = Debug|Any CPU
		{EF43833A-ED9A-40E4-A64C-F0DFD020ED88}.Release|Any CPU.ActiveCfg = Release|Any CPU
		{EF43833A-ED9A-40E4-A64C-F0DFD020ED88}.Release|Any CPU.Build.0 = Release|Any CPU
		{E862E922-5D5D-45CA-8A95-A4ABF82616E9}.Debug|Any CPU.ActiveCfg = Debug|Any CPU
		{E862E922-5D5D-45CA-8A95-A4ABF82616E9}.Debug|Any CPU.Build.0 = Debug|Any CPU
		{E862E922-5D5D-45CA-8A95-A4ABF82616E9}.Release|Any CPU.ActiveCfg = Release|Any CPU
		{E862E922-5D5D-45CA-8A95-A4ABF82616E9}.Release|Any CPU.Build.0 = Release|Any CPU
	EndGlobalSection
	GlobalSection(SolutionProperties) = preSolution
		HideSolutionNode = FALSE
	EndGlobalSection
EndGlobal
